// !$*UTF8*$!
{
	archiveVersion = 1;
	classes = {
	};
	objectVersion = 46;
	objects = {

/* Begin PBXBuildFile section */
		7621C6991DB3F5BF00F16EA8 /* main.m in Sources */ = {isa = PBXBuildFile; fileRef = 7621C6981DB3F5BF00F16EA8 /* main.m */; };
		7621C69C1DB3F5BF00F16EA8 /* AppDelegate.m in Sources */ = {isa = PBXBuildFile; fileRef = 7621C69B1DB3F5BF00F16EA8 /* AppDelegate.m */; };
		7621C69F1DB3F5BF00F16EA8 /* ViewController.m in Sources */ = {isa = PBXBuildFile; fileRef = 7621C69E1DB3F5BF00F16EA8 /* ViewController.m */; };
		7621C6A21DB3F5BF00F16EA8 /* Main.storyboard in Resources */ = {isa = PBXBuildFile; fileRef = 7621C6A01DB3F5BF00F16EA8 /* Main.storyboard */; };
		7621C6A41DB3F5BF00F16EA8 /* Assets.xcassets in Resources */ = {isa = PBXBuildFile; fileRef = 7621C6A31DB3F5BF00F16EA8 /* Assets.xcassets */; };
		7621C6A71DB3F5BF00F16EA8 /* LaunchScreen.storyboard in Resources */ = {isa = PBXBuildFile; fileRef = 7621C6A51DB3F5BF00F16EA8 /* LaunchScreen.storyboard */; };
		7621C6B21DB3F5BF00F16EA8 /* iGuideAppTests.m in Sources */ = {isa = PBXBuildFile; fileRef = 7621C6B11DB3F5BF00F16EA8 /* iGuideAppTests.m */; };
		7621C6BD1DB3F5BF00F16EA8 /* iGuideAppUITests.m in Sources */ = {isa = PBXBuildFile; fileRef = 7621C6BC1DB3F5BF00F16EA8 /* iGuideAppUITests.m */; };
		7621C6CE1DB3F89E00F16EA8 /* SystemConfiguration.framework in Frameworks */ = {isa = PBXBuildFile; fileRef = 7621C6CD1DB3F89E00F16EA8 /* SystemConfiguration.framework */; };
		7621C6D21DB3F8B500F16EA8 /* Foundation.framework in Frameworks */ = {isa = PBXBuildFile; fileRef = 7621C6D11DB3F8B500F16EA8 /* Foundation.framework */; };
		7621C6D41DB3F8B900F16EA8 /* CoreGraphics.framework in Frameworks */ = {isa = PBXBuildFile; fileRef = 7621C6D31DB3F8B900F16EA8 /* CoreGraphics.framework */; };
		7621C6D61DB3F8C200F16EA8 /* UIKit.framework in Frameworks */ = {isa = PBXBuildFile; fileRef = 7621C6D51DB3F8C200F16EA8 /* UIKit.framework */; };
		7621C6D91DB3F90500F16EA8 /* EstimoteSDK.framework in Frameworks */ = {isa = PBXBuildFile; fileRef = 7621C6D81DB3F90500F16EA8 /* EstimoteSDK.framework */; };
		7621C6DD1DB4142C00F16EA8 /* BeaconsTeam.m in Sources */ = {isa = PBXBuildFile; fileRef = 7621C6DC1DB4142C00F16EA8 /* BeaconsTeam.m */; };
		7621C6E01DB41A7800F16EA8 /* BeaconData.m in Sources */ = {isa = PBXBuildFile; fileRef = 7621C6DF1DB41A7800F16EA8 /* BeaconData.m */; };
/* End PBXBuildFile section */

/* Begin PBXContainerItemProxy section */
		7621C6AE1DB3F5BF00F16EA8 /* PBXContainerItemProxy */ = {
			isa = PBXContainerItemProxy;
			containerPortal = 7621C68C1DB3F5BF00F16EA8 /* Project object */;
			proxyType = 1;
			remoteGlobalIDString = 7621C6931DB3F5BF00F16EA8;
			remoteInfo = iGuideApp;
		};
		7621C6B91DB3F5BF00F16EA8 /* PBXContainerItemProxy */ = {
			isa = PBXContainerItemProxy;
			containerPortal = 7621C68C1DB3F5BF00F16EA8 /* Project object */;
			proxyType = 1;
			remoteGlobalIDString = 7621C6931DB3F5BF00F16EA8;
			remoteInfo = iGuideApp;
		};
/* End PBXContainerItemProxy section */

/* Begin PBXFileReference section */
		7621C6941DB3F5BF00F16EA8 /* iGuideApp.app */ = {isa = PBXFileReference; explicitFileType = wrapper.application; includeInIndex = 0; path = iGuideApp.app; sourceTree = BUILT_PRODUCTS_DIR; };
		7621C6981DB3F5BF00F16EA8 /* main.m */ = {isa = PBXFileReference; lastKnownFileType = sourcecode.c.objc; path = main.m; sourceTree = "<group>"; };
		7621C69A1DB3F5BF00F16EA8 /* AppDelegate.h */ = {isa = PBXFileReference; lastKnownFileType = sourcecode.c.h; path = AppDelegate.h; sourceTree = "<group>"; };
		7621C69B1DB3F5BF00F16EA8 /* AppDelegate.m */ = {isa = PBXFileReference; lastKnownFileType = sourcecode.c.objc; path = AppDelegate.m; sourceTree = "<group>"; };
		7621C69D1DB3F5BF00F16EA8 /* ViewController.h */ = {isa = PBXFileReference; lastKnownFileType = sourcecode.c.h; path = ViewController.h; sourceTree = "<group>"; };
		7621C69E1DB3F5BF00F16EA8 /* ViewController.m */ = {isa = PBXFileReference; lastKnownFileType = sourcecode.c.objc; path = ViewController.m; sourceTree = "<group>"; };
		7621C6A11DB3F5BF00F16EA8 /* Base */ = {isa = PBXFileReference; lastKnownFileType = file.storyboard; name = Base; path = Base.lproj/Main.storyboard; sourceTree = "<group>"; };
		7621C6A31DB3F5BF00F16EA8 /* Assets.xcassets */ = {isa = PBXFileReference; lastKnownFileType = folder.assetcatalog; path = Assets.xcassets; sourceTree = "<group>"; };
		7621C6A61DB3F5BF00F16EA8 /* Base */ = {isa = PBXFileReference; lastKnownFileType = file.storyboard; name = Base; path = Base.lproj/LaunchScreen.storyboard; sourceTree = "<group>"; };
		7621C6A81DB3F5BF00F16EA8 /* Info.plist */ = {isa = PBXFileReference; lastKnownFileType = text.plist.xml; path = Info.plist; sourceTree = "<group>"; };
		7621C6AD1DB3F5BF00F16EA8 /* iGuideAppTests.xctest */ = {isa = PBXFileReference; explicitFileType = wrapper.cfbundle; includeInIndex = 0; path = iGuideAppTests.xctest; sourceTree = BUILT_PRODUCTS_DIR; };
		7621C6B11DB3F5BF00F16EA8 /* iGuideAppTests.m */ = {isa = PBXFileReference; lastKnownFileType = sourcecode.c.objc; path = iGuideAppTests.m; sourceTree = "<group>"; };
		7621C6B31DB3F5BF00F16EA8 /* Info.plist */ = {isa = PBXFileReference; lastKnownFileType = text.plist.xml; path = Info.plist; sourceTree = "<group>"; };
		7621C6B81DB3F5BF00F16EA8 /* iGuideAppUITests.xctest */ = {isa = PBXFileReference; explicitFileType = wrapper.cfbundle; includeInIndex = 0; path = iGuideAppUITests.xctest; sourceTree = BUILT_PRODUCTS_DIR; };
		7621C6BC1DB3F5BF00F16EA8 /* iGuideAppUITests.m */ = {isa = PBXFileReference; lastKnownFileType = sourcecode.c.objc; path = iGuideAppUITests.m; sourceTree = "<group>"; };
		7621C6BE1DB3F5BF00F16EA8 /* Info.plist */ = {isa = PBXFileReference; lastKnownFileType = text.plist.xml; path = Info.plist; sourceTree = "<group>"; };
		7621C6CD1DB3F89E00F16EA8 /* SystemConfiguration.framework */ = {isa = PBXFileReference; lastKnownFileType = wrapper.framework; name = SystemConfiguration.framework; path = System/Library/Frameworks/SystemConfiguration.framework; sourceTree = SDKROOT; };
		7621C6CF1DB3F8A800F16EA8 /* CoreFoundation.framework */ = {isa = PBXFileReference; lastKnownFileType = wrapper.framework; name = CoreFoundation.framework; path = System/Library/Frameworks/CoreFoundation.framework; sourceTree = SDKROOT; };
		7621C6D11DB3F8B500F16EA8 /* Foundation.framework */ = {isa = PBXFileReference; lastKnownFileType = wrapper.framework; name = Foundation.framework; path = System/Library/Frameworks/Foundation.framework; sourceTree = SDKROOT; };
		7621C6D31DB3F8B900F16EA8 /* CoreGraphics.framework */ = {isa = PBXFileReference; lastKnownFileType = wrapper.framework; name = CoreGraphics.framework; path = System/Library/Frameworks/CoreGraphics.framework; sourceTree = SDKROOT; };
		7621C6D51DB3F8C200F16EA8 /* UIKit.framework */ = {isa = PBXFileReference; lastKnownFileType = wrapper.framework; name = UIKit.framework; path = System/Library/Frameworks/UIKit.framework; sourceTree = SDKROOT; };
		7621C6D81DB3F90500F16EA8 /* EstimoteSDK.framework */ = {isa = PBXFileReference; lastKnownFileType = wrapper.framework; path = EstimoteSDK.framework; sourceTree = "<group>"; };
		7621C6DB1DB4142C00F16EA8 /* BeaconsTeam.h */ = {isa = PBXFileReference; fileEncoding = 4; lastKnownFileType = sourcecode.c.h; path = BeaconsTeam.h; sourceTree = "<group>"; };
		7621C6DC1DB4142C00F16EA8 /* BeaconsTeam.m */ = {isa = PBXFileReference; fileEncoding = 4; lastKnownFileType = sourcecode.c.objc; path = BeaconsTeam.m; sourceTree = "<group>"; };
		7621C6DE1DB41A7800F16EA8 /* BeaconData.h */ = {isa = PBXFileReference; fileEncoding = 4; lastKnownFileType = sourcecode.c.h; path = BeaconData.h; sourceTree = "<group>"; };
		7621C6DF1DB41A7800F16EA8 /* BeaconData.m */ = {isa = PBXFileReference; fileEncoding = 4; lastKnownFileType = sourcecode.c.objc; path = BeaconData.m; sourceTree = "<group>"; };
/* End PBXFileReference section */

/* Begin PBXFrameworksBuildPhase section */
		7621C6911DB3F5BF00F16EA8 /* Frameworks */ = {
			isa = PBXFrameworksBuildPhase;
			buildActionMask = 2147483647;
			files = (
				7621C6D61DB3F8C200F16EA8 /* UIKit.framework in Frameworks */,
				7621C6D91DB3F90500F16EA8 /* EstimoteSDK.framework in Frameworks */,
				7621C6D41DB3F8B900F16EA8 /* CoreGraphics.framework in Frameworks */,
				7621C6D21DB3F8B500F16EA8 /* Foundation.framework in Frameworks */,
				7621C6CE1DB3F89E00F16EA8 /* SystemConfiguration.framework in Frameworks */,
			);
			runOnlyForDeploymentPostprocessing = 0;
		};
		7621C6AA1DB3F5BF00F16EA8 /* Frameworks */ = {
			isa = PBXFrameworksBuildPhase;
			buildActionMask = 2147483647;
			files = (
			);
			runOnlyForDeploymentPostprocessing = 0;
		};
		7621C6B51DB3F5BF00F16EA8 /* Frameworks */ = {
			isa = PBXFrameworksBuildPhase;
			buildActionMask = 2147483647;
			files = (
			);
			runOnlyForDeploymentPostprocessing = 0;
		};
/* End PBXFrameworksBuildPhase section */

/* Begin PBXGroup section */
		7621C68B1DB3F5BF00F16EA8 = {
			isa = PBXGroup;
			children = (
				7621C6961DB3F5BF00F16EA8 /* iGuideApp */,
				7621C6B01DB3F5BF00F16EA8 /* iGuideAppTests */,
				7621C6BB1DB3F5BF00F16EA8 /* iGuideAppUITests */,
				7621C6951DB3F5BF00F16EA8 /* Products */,
				7621C6CA1DB3F78100F16EA8 /* Frameworks */,
			);
			sourceTree = "<group>";
		};
		7621C6951DB3F5BF00F16EA8 /* Products */ = {
			isa = PBXGroup;
			children = (
				7621C6941DB3F5BF00F16EA8 /* iGuideApp.app */,
				7621C6AD1DB3F5BF00F16EA8 /* iGuideAppTests.xctest */,
				7621C6B81DB3F5BF00F16EA8 /* iGuideAppUITests.xctest */,
			);
			name = Products;
			sourceTree = "<group>";
		};
		7621C6961DB3F5BF00F16EA8 /* iGuideApp */ = {
			isa = PBXGroup;
			children = (
				7621C6DA1DB4141800F16EA8 /* Model */,
				7621C69A1DB3F5BF00F16EA8 /* AppDelegate.h */,
				7621C69B1DB3F5BF00F16EA8 /* AppDelegate.m */,
				7621C69D1DB3F5BF00F16EA8 /* ViewController.h */,
				7621C69E1DB3F5BF00F16EA8 /* ViewController.m */,
				7621C6A01DB3F5BF00F16EA8 /* Main.storyboard */,
				7621C6A31DB3F5BF00F16EA8 /* Assets.xcassets */,
				7621C6A51DB3F5BF00F16EA8 /* LaunchScreen.storyboard */,
				7621C6A81DB3F5BF00F16EA8 /* Info.plist */,
				7621C6971DB3F5BF00F16EA8 /* Supporting Files */,
			);
			path = iGuideApp;
			sourceTree = "<group>";
		};
		7621C6971DB3F5BF00F16EA8 /* Supporting Files */ = {
			isa = PBXGroup;
			children = (
				7621C6981DB3F5BF00F16EA8 /* main.m */,
			);
			name = "Supporting Files";
			sourceTree = "<group>";
		};
		7621C6B01DB3F5BF00F16EA8 /* iGuideAppTests */ = {
			isa = PBXGroup;
			children = (
				7621C6B11DB3F5BF00F16EA8 /* iGuideAppTests.m */,
				7621C6B31DB3F5BF00F16EA8 /* Info.plist */,
			);
			path = iGuideAppTests;
			sourceTree = "<group>";
		};
		7621C6BB1DB3F5BF00F16EA8 /* iGuideAppUITests */ = {
			isa = PBXGroup;
			children = (
				7621C6BC1DB3F5BF00F16EA8 /* iGuideAppUITests.m */,
				7621C6BE1DB3F5BF00F16EA8 /* Info.plist */,
			);
			path = iGuideAppUITests;
			sourceTree = "<group>";
		};
		7621C6CA1DB3F78100F16EA8 /* Frameworks */ = {
			isa = PBXGroup;
			children = (
				7621C6D81DB3F90500F16EA8 /* EstimoteSDK.framework */,
				7621C6D51DB3F8C200F16EA8 /* UIKit.framework */,
				7621C6D31DB3F8B900F16EA8 /* CoreGraphics.framework */,
				7621C6D11DB3F8B500F16EA8 /* Foundation.framework */,
				7621C6CF1DB3F8A800F16EA8 /* CoreFoundation.framework */,
				7621C6CD1DB3F89E00F16EA8 /* SystemConfiguration.framework */,
			);
			name = Frameworks;
			sourceTree = "<group>";
		};
		7621C6DA1DB4141800F16EA8 /* Model */ = {
			isa = PBXGroup;
			children = (
				7621C6DB1DB4142C00F16EA8 /* BeaconsTeam.h */,
				7621C6DC1DB4142C00F16EA8 /* BeaconsTeam.m */,
				7621C6DE1DB41A7800F16EA8 /* BeaconData.h */,
				7621C6DF1DB41A7800F16EA8 /* BeaconData.m */,
			);
			name = Model;
			sourceTree = "<group>";
		};
/* End PBXGroup section */

/* Begin PBXNativeTarget section */
		7621C6931DB3F5BF00F16EA8 /* iGuideApp */ = {
			isa = PBXNativeTarget;
			buildConfigurationList = 7621C6C11DB3F5BF00F16EA8 /* Build configuration list for PBXNativeTarget "iGuideApp" */;
			buildPhases = (
				7621C6901DB3F5BF00F16EA8 /* Sources */,
				7621C6911DB3F5BF00F16EA8 /* Frameworks */,
				7621C6921DB3F5BF00F16EA8 /* Resources */,
			);
			buildRules = (
			);
			dependencies = (
			);
			name = iGuideApp;
			productName = iGuideApp;
			productReference = 7621C6941DB3F5BF00F16EA8 /* iGuideApp.app */;
			productType = "com.apple.product-type.application";
		};
		7621C6AC1DB3F5BF00F16EA8 /* iGuideAppTests */ = {
			isa = PBXNativeTarget;
			buildConfigurationList = 7621C6C41DB3F5BF00F16EA8 /* Build configuration list for PBXNativeTarget "iGuideAppTests" */;
			buildPhases = (
				7621C6A91DB3F5BF00F16EA8 /* Sources */,
				7621C6AA1DB3F5BF00F16EA8 /* Frameworks */,
				7621C6AB1DB3F5BF00F16EA8 /* Resources */,
			);
			buildRules = (
			);
			dependencies = (
				7621C6AF1DB3F5BF00F16EA8 /* PBXTargetDependency */,
			);
			name = iGuideAppTests;
			productName = iGuideAppTests;
			productReference = 7621C6AD1DB3F5BF00F16EA8 /* iGuideAppTests.xctest */;
			productType = "com.apple.product-type.bundle.unit-test";
		};
		7621C6B71DB3F5BF00F16EA8 /* iGuideAppUITests */ = {
			isa = PBXNativeTarget;
			buildConfigurationList = 7621C6C71DB3F5BF00F16EA8 /* Build configuration list for PBXNativeTarget "iGuideAppUITests" */;
			buildPhases = (
				7621C6B41DB3F5BF00F16EA8 /* Sources */,
				7621C6B51DB3F5BF00F16EA8 /* Frameworks */,
				7621C6B61DB3F5BF00F16EA8 /* Resources */,
			);
			buildRules = (
			);
			dependencies = (
				7621C6BA1DB3F5BF00F16EA8 /* PBXTargetDependency */,
			);
			name = iGuideAppUITests;
			productName = iGuideAppUITests;
			productReference = 7621C6B81DB3F5BF00F16EA8 /* iGuideAppUITests.xctest */;
			productType = "com.apple.product-type.bundle.ui-testing";
		};
/* End PBXNativeTarget section */

/* Begin PBXProject section */
		7621C68C1DB3F5BF00F16EA8 /* Project object */ = {
			isa = PBXProject;
			attributes = {
				LastUpgradeCheck = 0800;
				ORGANIZATIONNAME = "Maria cristina rodriguez";
				TargetAttributes = {
					7621C6931DB3F5BF00F16EA8 = {
						CreatedOnToolsVersion = 8.0;
						DevelopmentTeam = K35K34YQ99;
						ProvisioningStyle = Automatic;
					};
					7621C6AC1DB3F5BF00F16EA8 = {
						CreatedOnToolsVersion = 8.0;
						ProvisioningStyle = Automatic;
						TestTargetID = 7621C6931DB3F5BF00F16EA8;
					};
					7621C6B71DB3F5BF00F16EA8 = {
						CreatedOnToolsVersion = 8.0;
						ProvisioningStyle = Automatic;
						TestTargetID = 7621C6931DB3F5BF00F16EA8;
					};
				};
			};
			buildConfigurationList = 7621C68F1DB3F5BF00F16EA8 /* Build configuration list for PBXProject "iGuideApp" */;
			compatibilityVersion = "Xcode 3.2";
			developmentRegion = English;
			hasScannedForEncodings = 0;
			knownRegions = (
				en,
				Base,
			);
			mainGroup = 7621C68B1DB3F5BF00F16EA8;
			productRefGroup = 7621C6951DB3F5BF00F16EA8 /* Products */;
			projectDirPath = "";
			projectRoot = "";
			targets = (
				7621C6931DB3F5BF00F16EA8 /* iGuideApp */,
				7621C6AC1DB3F5BF00F16EA8 /* iGuideAppTests */,
				7621C6B71DB3F5BF00F16EA8 /* iGuideAppUITests */,
			);
		};
/* End PBXProject section */

/* Begin PBXResourcesBuildPhase section */
		7621C6921DB3F5BF00F16EA8 /* Resources */ = {
			isa = PBXResourcesBuildPhase;
			buildActionMask = 2147483647;
			files = (
				7621C6A71DB3F5BF00F16EA8 /* LaunchScreen.storyboard in Resources */,
				7621C6A41DB3F5BF00F16EA8 /* Assets.xcassets in Resources */,
				7621C6A21DB3F5BF00F16EA8 /* Main.storyboard in Resources */,
			);
			runOnlyForDeploymentPostprocessing = 0;
		};
		7621C6AB1DB3F5BF00F16EA8 /* Resources */ = {
			isa = PBXResourcesBuildPhase;
			buildActionMask = 2147483647;
			files = (
			);
			runOnlyForDeploymentPostprocessing = 0;
		};
		7621C6B61DB3F5BF00F16EA8 /* Resources */ = {
			isa = PBXResourcesBuildPhase;
			buildActionMask = 2147483647;
			files = (
			);
			runOnlyForDeploymentPostprocessing = 0;
		};
/* End PBXResourcesBuildPhase section */

/* Begin PBXSourcesBuildPhase section */
		7621C6901DB3F5BF00F16EA8 /* Sources */ = {
			isa = PBXSourcesBuildPhase;
			buildActionMask = 2147483647;
			files = (
				7621C69F1DB3F5BF00F16EA8 /* ViewController.m in Sources */,
				7621C69C1DB3F5BF00F16EA8 /* AppDelegate.m in Sources */,
				7621C6E01DB41A7800F16EA8 /* BeaconData.m in Sources */,
				7621C6DD1DB4142C00F16EA8 /* BeaconsTeam.m in Sources */,
				7621C6991DB3F5BF00F16EA8 /* main.m in Sources */,
			);
			runOnlyForDeploymentPostprocessing = 0;
		};
		7621C6A91DB3F5BF00F16EA8 /* Sources */ = {
			isa = PBXSourcesBuildPhase;
			buildActionMask = 2147483647;
			files = (
				7621C6B21DB3F5BF00F16EA8 /* iGuideAppTests.m in Sources */,
			);
			runOnlyForDeploymentPostprocessing = 0;
		};
		7621C6B41DB3F5BF00F16EA8 /* Sources */ = {
			isa = PBXSourcesBuildPhase;
			buildActionMask = 2147483647;
			files = (
				7621C6BD1DB3F5BF00F16EA8 /* iGuideAppUITests.m in Sources */,
			);
			runOnlyForDeploymentPostprocessing = 0;
		};
/* End PBXSourcesBuildPhase section */

/* Begin PBXTargetDependency section */
		7621C6AF1DB3F5BF00F16EA8 /* PBXTargetDependency */ = {
			isa = PBXTargetDependency;
			target = 7621C6931DB3F5BF00F16EA8 /* iGuideApp */;
			targetProxy = 7621C6AE1DB3F5BF00F16EA8 /* PBXContainerItemProxy */;
		};
		7621C6BA1DB3F5BF00F16EA8 /* PBXTargetDependency */ = {
			isa = PBXTargetDependency;
			target = 7621C6931DB3F5BF00F16EA8 /* iGuideApp */;
			targetProxy = 7621C6B91DB3F5BF00F16EA8 /* PBXContainerItemProxy */;
		};
/* End PBXTargetDependency section */

/* Begin PBXVariantGroup section */
		7621C6A01DB3F5BF00F16EA8 /* Main.storyboard */ = {
			isa = PBXVariantGroup;
			children = (
				7621C6A11DB3F5BF00F16EA8 /* Base */,
			);
			name = Main.storyboard;
			sourceTree = "<group>";
		};
		7621C6A51DB3F5BF00F16EA8 /* LaunchScreen.storyboard */ = {
			isa = PBXVariantGroup;
			children = (
				7621C6A61DB3F5BF00F16EA8 /* Base */,
			);
			name = LaunchScreen.storyboard;
			sourceTree = "<group>";
		};
/* End PBXVariantGroup section */

/* Begin XCBuildConfiguration section */
		7621C6BF1DB3F5BF00F16EA8 /* Debug */ = {
			isa = XCBuildConfiguration;
			buildSettings = {
				ALWAYS_SEARCH_USER_PATHS = NO;
				CLANG_ANALYZER_NONNULL = YES;
				CLANG_CXX_LANGUAGE_STANDARD = "gnu++0x";
				CLANG_CXX_LIBRARY = "libc++";
				CLANG_ENABLE_MODULES = YES;
				CLANG_ENABLE_OBJC_ARC = YES;
				CLANG_WARN_BOOL_CONVERSION = YES;
				CLANG_WARN_CONSTANT_CONVERSION = YES;
				CLANG_WARN_DIRECT_OBJC_ISA_USAGE = YES_ERROR;
				CLANG_WARN_DOCUMENTATION_COMMENTS = YES;
				CLANG_WARN_EMPTY_BODY = YES;
				CLANG_WARN_ENUM_CONVERSION = YES;
				CLANG_WARN_INFINITE_RECURSION = YES;
				CLANG_WARN_INT_CONVERSION = YES;
				CLANG_WARN_OBJC_ROOT_CLASS = YES_ERROR;
				CLANG_WARN_SUSPICIOUS_MOVES = YES;
				CLANG_WARN_UNREACHABLE_CODE = YES;
				CLANG_WARN__DUPLICATE_METHOD_MATCH = YES;
				"CODE_SIGN_IDENTITY[sdk=iphoneos*]" = "iPhone Developer";
				COPY_PHASE_STRIP = NO;
				DEBUG_INFORMATION_FORMAT = dwarf;
				ENABLE_STRICT_OBJC_MSGSEND = YES;
				ENABLE_TESTABILITY = YES;
				GCC_C_LANGUAGE_STANDARD = gnu99;
				GCC_DYNAMIC_NO_PIC = NO;
				GCC_NO_COMMON_BLOCKS = YES;
				GCC_OPTIMIZATION_LEVEL = 0;
				GCC_PREPROCESSOR_DEFINITIONS = (
					"DEBUG=1",
					"$(inherited)",
				);
				GCC_WARN_64_TO_32_BIT_CONVERSION = YES;
				GCC_WARN_ABOUT_RETURN_TYPE = YES_ERROR;
				GCC_WARN_UNDECLARED_SELECTOR = YES;
				GCC_WARN_UNINITIALIZED_AUTOS = YES_AGGRESSIVE;
				GCC_WARN_UNUSED_FUNCTION = YES;
				GCC_WARN_UNUSED_VARIABLE = YES;
				IPHONEOS_DEPLOYMENT_TARGET = 10.0;
				MTL_ENABLE_DEBUG_INFO = YES;
				ONLY_ACTIVE_ARCH = YES;
				SDKROOT = iphoneos;
				TARGETED_DEVICE_FAMILY = "1,2";
			};
			name = Debug;
		};
		7621C6C01DB3F5BF00F16EA8 /* Release */ = {
			isa = XCBuildConfiguration;
			buildSettings = {
				ALWAYS_SEARCH_USER_PATHS = NO;
				CLANG_ANALYZER_NONNULL = YES;
				CLANG_CXX_LANGUAGE_STANDARD = "gnu++0x";
				CLANG_CXX_LIBRARY = "libc++";
				CLANG_ENABLE_MODULES = YES;
				CLANG_ENABLE_OBJC_ARC = YES;
				CLANG_WARN_BOOL_CONVERSION = YES;
				CLANG_WARN_CONSTANT_CONVERSION = YES;
				CLANG_WARN_DIRECT_OBJC_ISA_USAGE = YES_ERROR;
				CLANG_WARN_DOCUMENTATION_COMMENTS = YES;
				CLANG_WARN_EMPTY_BODY = YES;
				CLANG_WARN_ENUM_CONVERSION = YES;
				CLANG_WARN_INFINITE_RECURSION = YES;
				CLANG_WARN_INT_CONVERSION = YES;
				CLANG_WARN_OBJC_ROOT_CLASS = YES_ERROR;
				CLANG_WARN_SUSPICIOUS_MOVES = YES;
				CLANG_WARN_UNREACHABLE_CODE = YES;
				CLANG_WARN__DUPLICATE_METHOD_MATCH = YES;
				"CODE_SIGN_IDENTITY[sdk=iphoneos*]" = "iPhone Developer";
				COPY_PHASE_STRIP = NO;
				DEBUG_INFORMATION_FORMAT = "dwarf-with-dsym";
				ENABLE_NS_ASSERTIONS = NO;
				ENABLE_STRICT_OBJC_MSGSEND = YES;
				GCC_C_LANGUAGE_STANDARD = gnu99;
				GCC_NO_COMMON_BLOCKS = YES;
				GCC_WARN_64_TO_32_BIT_CONVERSION = YES;
				GCC_WARN_ABOUT_RETURN_TYPE = YES_ERROR;
				GCC_WARN_UNDECLARED_SELECTOR = YES;
				GCC_WARN_UNINITIALIZED_AUTOS = YES_AGGRESSIVE;
				GCC_WARN_UNUSED_FUNCTION = YES;
				GCC_WARN_UNUSED_VARIABLE = YES;
				IPHONEOS_DEPLOYMENT_TARGET = 10.0;
				MTL_ENABLE_DEBUG_INFO = NO;
				SDKROOT = iphoneos;
				TARGETED_DEVICE_FAMILY = "1,2";
				VALIDATE_PRODUCT = YES;
			};
			name = Release;
		};
		7621C6C21DB3F5BF00F16EA8 /* Debug */ = {
			isa = XCBuildConfiguration;
			buildSettings = {
				ASSETCATALOG_COMPILER_APPICON_NAME = AppIcon;
				DEVELOPMENT_TEAM = K35K34YQ99;
				FRAMEWORK_SEARCH_PATHS = (
					"$(inherited)",
					"$(PROJECT_DIR)",
				);
				INFOPLIST_FILE = iGuideApp/Info.plist;
				LD_RUNPATH_SEARCH_PATHS = "$(inherited) @executable_path/Frameworks";
				PRODUCT_BUNDLE_IDENTIFIER = org.shelp.iGuideApp;
				PRODUCT_NAME = "$(TARGET_NAME)";
			};
			name = Debug;
		};
		7621C6C31DB3F5BF00F16EA8 /* Release */ = {
			isa = XCBuildConfiguration;
			buildSettings = {
				ASSETCATALOG_COMPILER_APPICON_NAME = AppIcon;
				DEVELOPMENT_TEAM = K35K34YQ99;
				FRAMEWORK_SEARCH_PATHS = (
					"$(inherited)",
					"$(PROJECT_DIR)",
				);
				INFOPLIST_FILE = iGuideApp/Info.plist;
				LD_RUNPATH_SEARCH_PATHS = "$(inherited) @executable_path/Frameworks";
				PRODUCT_BUNDLE_IDENTIFIER = org.shelp.iGuideApp;
				PRODUCT_NAME = "$(TARGET_NAME)";
			};
			name = Release;
		};
		7621C6C51DB3F5BF00F16EA8 /* Debug */ = {
			isa = XCBuildConfiguration;
			buildSettings = {
				BUNDLE_LOADER = "$(TEST_HOST)";
				INFOPLIST_FILE = iGuideAppTests/Info.plist;
				LD_RUNPATH_SEARCH_PATHS = "$(inherited) @executable_path/Frameworks @loader_path/Frameworks";
				PRODUCT_BUNDLE_IDENTIFIER = org.shelp.iGuideAppTests;
				PRODUCT_NAME = "$(TARGET_NAME)";
				TEST_HOST = "$(BUILT_PRODUCTS_DIR)/iGuideApp.app/iGuideApp";
			};
			name = Debug;
		};
		7621C6C61DB3F5BF00F16EA8 /* Release */ = {
			isa = XCBuildConfiguration;
			buildSettings = {
				BUNDLE_LOADER = "$(TEST_HOST)";
				INFOPLIST_FILE = iGuideAppTests/Info.plist;
				LD_RUNPATH_SEARCH_PATHS = "$(inherited) @executable_path/Frameworks @loader_path/Frameworks";
				PRODUCT_BUNDLE_IDENTIFIER = org.shelp.iGuideAppTests;
				PRODUCT_NAME = "$(TARGET_NAME)";
				TEST_HOST = "$(BUILT_PRODUCTS_DIR)/iGuideApp.app/iGuideApp";
			};
			name = Release;
		};
		7621C6C81DB3F5BF00F16EA8 /* Debug */ = {
			isa = XCBuildConfiguration;
			buildSettings = {
				INFOPLIST_FILE = iGuideAppUITests/Info.plist;
				LD_RUNPATH_SEARCH_PATHS = "$(inherited) @executable_path/Frameworks @loader_path/Frameworks";
				PRODUCT_BUNDLE_IDENTIFIER = org.shelp.iGuideAppUITests;
				PRODUCT_NAME = "$(TARGET_NAME)";
				TEST_TARGET_NAME = iGuideApp;
			};
			name = Debug;
		};
		7621C6C91DB3F5BF00F16EA8 /* Release */ = {
			isa = XCBuildConfiguration;
			buildSettings = {
				INFOPLIST_FILE = iGuideAppUITests/Info.plist;
				LD_RUNPATH_SEARCH_PATHS = "$(inherited) @executable_path/Frameworks @loader_path/Frameworks";
				PRODUCT_BUNDLE_IDENTIFIER = org.shelp.iGuideAppUITests;
				PRODUCT_NAME = "$(TARGET_NAME)";
				TEST_TARGET_NAME = iGuideApp;
			};
			name = Release;
		};
/* End XCBuildConfiguration section */

/* Begin XCConfigurationList section */
		7621C68F1DB3F5BF00F16EA8 /* Build configuration list for PBXProject "iGuideApp" */ = {
			isa = XCConfigurationList;
			buildConfigurations = (
				7621C6BF1DB3F5BF00F16EA8 /* Debug */,
				7621C6C01DB3F5BF00F16EA8 /* Release */,
			);
			defaultConfigurationIsVisible = 0;
			defaultConfigurationName = Release;
		};
		7621C6C11DB3F5BF00F16EA8 /* Build configuration list for PBXNativeTarget "iGuideApp" */ = {
			isa = XCConfigurationList;
			buildConfigurations = (
				7621C6C21DB3F5BF00F16EA8 /* Debug */,
				7621C6C31DB3F5BF00F16EA8 /* Release */,
			);
			defaultConfigurationIsVisible = 0;
			defaultConfigurationName = Release;
		};
		7621C6C41DB3F5BF00F16EA8 /* Build configuration list for PBXNativeTarget "iGuideAppTests" */ = {
			isa = XCConfigurationList;
			buildConfigurations = (
				7621C6C51DB3F5BF00F16EA8 /* Debug */,
				7621C6C61DB3F5BF00F16EA8 /* Release */,
			);
			defaultConfigurationIsVisible = 0;
			defaultConfigurationName = Release;
		};
		7621C6C71DB3F5BF00F16EA8 /* Build configuration list for PBXNativeTarget "iGuideAppUITests" */ = {
			isa = XCConfigurationList;
			buildConfigurations = (
				7621C6C81DB3F5BF00F16EA8 /* Debug */,
				7621C6C91DB3F5BF00F16EA8 /* Release */,
			);
			defaultConfigurationIsVisible = 0;
			defaultConfigurationName = Release;
		};
/* End XCConfigurationList section */
	};
	rootObject = 7621C68C1DB3F5BF00F16EA8 /* Project object */;
}
